
Microsoft Visual Studio Solution File, Format Version 12.00
# Visual Studio Version 17
VisualStudioVersion = 17.7.34031.279
MinimumVisualStudioVersion = 10.0.40219.1
Project("{FAE04EC0-301F-11D3-BF4B-00C04F79EFBC}") = "Purple", "Purple\Purple.csproj", "{98B18CC0-E9DB-4164-BFE0-CE6E6DDFA59D}"
EndProject
Global
	GlobalSection(SolutionConfigurationPlatforms) = preSolution
		Debug|Any CPU = Debug|Any CPU
		Release|Any CPU = Release|Any CPU
	EndGlobalSection
	GlobalSection(ProjectConfigurationPlatforms) = postSolution
		{98B18CC0-E9DB-4164-BFE0-CE6E6DDFA59D}.Debug|Any CPU.ActiveCfg = Debug|Any CPU
		{98B18CC0-E9DB-4164-BFE0-CE6E6DDFA59D}.Debug|Any CPU.Build.0 = Debug|Any CPU
		{98B18CC0-E9DB-4164-BFE0-CE6E6DDFA59D}.Release|Any CPU.ActiveCfg = Release|Any CPU
		{98B18CC0-E9DB-4164-BFE0-CE6E6DDFA59D}.Release|Any CPU.Build.0 = Release|Any CPU
	EndGlobalSection
	GlobalSection(SolutionProperties) = preSolution
		HideSolutionNode = FALSE
	EndGlobalSection
	GlobalSection(ExtensibilityGlobals) = postSolution
		SolutionGuid = {5449D37D-DFAA-40E5-B11D-058B5C2D96C7}
	EndGlobalSection
EndGlobal
